
Microsoft Visual Studio Solution File, Format Version 12.00
# Visual Studio 2013
VisualStudioVersion = 12.0.31101.0
MinimumVisualStudioVersion = 10.0.40219.1
Project("{8BC9CEB8-8B4A-11D0-8D11-00A0C91BC942}") = "buddy", "buddy.vcxproj", "{EFAD114A-9778-4EE2-B9BC-4F6DB6848B60}"
EndProject
Global
	GlobalSection(SolutionConfigurationPlatforms) = preSolution
		Debug|Win32 = Debug|Win32
		Release|Win32 = Release|Win32
	EndGlobalSection
	GlobalSection(ProjectConfigurationPlatforms) = postSolution
		{EFAD114A-9778-4EE2-B9BC-4F6DB6848B60}.Debug|Win32.ActiveCfg = Debug|Win32
		{EFAD114A-9778-4EE2-B9BC-4F6DB6848B60}.Debug|Win32.Build.0 = Debug|Win32
		{EFAD114A-9778-4EE2-B9BC-4F6DB6848B60}.Release|Win32.ActiveCfg = Release|Win32
		{EFAD114A-9778-4EE2-B9BC-4F6DB6848B60}.Release|Win32.Build.0 = Release|Win32
	EndGlobalSection
	GlobalSection(SolutionProperties) = preSolution
		HideSolutionNode = FALSE
	EndGlobalSection
EndGlobal
