<?xml version="1.0" encoding="utf-8"?>
<Project ToolsVersion="4.0" xmlns="http://schemas.microsoft.com/developer/msbuild/2003">
  <ItemGroup>
    <ClCompile Include="main.cpp" />
    <ClCompile Include="GeneratedFiles\qrc_res.cpp">
      <Filter>Generated Files</Filter>
    </ClCompile>
    <ClCompile Include="Source\CategoryView.cpp">
      <Filter>Source</Filter>
    </ClCompile>
    <ClCompile Include="Source\DataSource.cpp">
      <Filter>Source</Filter>
    </ClCompile>
    <ClCompile Include="GeneratedFiles\Debug\moc_DataSource.cpp">
      <Filter>Generated Files\Debug</Filter>
    </ClCompile>
    <ClCompile Include="GeneratedFiles\Release\moc_DataSource.cpp">
      <Filter>Generated Files\Release</Filter>
    </ClCompile>
    <ClCompile Include="Source\DocumentTableView.cpp">
      <Filter>Source</Filter>
    </ClCompile>
    <ClCompile Include="Source\MainWindow.cpp">
      <Filter>Source</Filter>
    </ClCompile>
    <ClCompile Include="GeneratedFiles\Debug\moc_MainWindow.cpp">
      <Filter>Generated Files\Debug</Filter>
    </ClCompile>
    <ClCompile Include="GeneratedFiles\Release\moc_MainWindow.cpp">
      <Filter>Generated Files\Release</Filter>
    </ClCompile>
  </ItemGroup>
  <ItemGroup>
    <Filter Include="Resources">
      <UniqueIdentifier>{54a5aba9-531c-413e-8678-d0cc35225f2e}</UniqueIdentifier>
    </Filter>
    <Filter Include="Generated Files">
      <UniqueIdentifier>{71ED8ED8-ACB9-4CE9-BBE1-E00B30144E11}</UniqueIdentifier>
      <Extensions>moc;h;cpp</Extensions>
      <ParseFiles>true</ParseFiles>
    </Filter>
    <Filter Include="Generated Files\Debug">
      <UniqueIdentifier>{1c9e6e63-0fe1-410b-b11e-e74bde4a9743}</UniqueIdentifier>
      <Extensions>cpp;moc</Extensions>
      <SourceControlFiles>False</SourceControlFiles>
    </Filter>
    <Filter Include="Generated Files\Release">
      <UniqueIdentifier>{4977d676-9825-4b28-bca3-5d46f59b0a50}</UniqueIdentifier>
      <Extensions>cpp;moc</Extensions>
      <SourceControlFiles>False</SourceControlFiles>
    </Filter>
    <Filter Include="Source">
      <UniqueIdentifier>{994d3bea-6401-4c4a-98fa-154c19025569}</UniqueIdentifier>
    </Filter>
  </ItemGroup>
  <ItemGroup>
    <CustomBuild Include="Resources\res.qrc">
      <Filter>Resources</Filter>
    </CustomBuild>
    <CustomBuild Include="Source\DataSource.h">
      <Filter>Source</Filter>
    </CustomBuild>
    <CustomBuild Include="Source\MainWindow.h">
      <Filter>Source</Filter>
    </CustomBuild>
  </ItemGroup>
  <ItemGroup>
    <ClInclude Include="Source\CategoryView.h">
      <Filter>Source</Filter>
    </ClInclude>
    <ClInclude Include="Source\DocumentTableView.h">
      <Filter>Source</Filter>
    </ClInclude>
  </ItemGroup>
</Project>