<?xml version="1.0" encoding="utf-8"?>
<Project ToolsVersion="4.0" xmlns="http://schemas.microsoft.com/developer/msbuild/2003">
  <ItemGroup>
    <ClCompile Include="main.cpp" />
    <ClCompile Include="Source\MainWindow.cpp">
      <Filter>Source</Filter>
    </ClCompile>
    <ClCompile Include="GeneratedFiles\Debug\moc_MainWindow.cpp">
      <Filter>Generated Files\Debug</Filter>
    </ClCompile>
    <ClCompile Include="GeneratedFiles\Release\moc_MainWindow.cpp">
      <Filter>Generated Files\Release</Filter>
    </ClCompile>
    <ClCompile Include="Source\DataSource.cpp">
      <Filter>Source</Filter>
    </ClCompile>
    <ClCompile Include="GeneratedFiles\Debug\moc_DataSource.cpp">
      <Filter>Generated Files\Debug</Filter>
    </ClCompile>
    <ClCompile Include="GeneratedFiles\Release\moc_DataSource.cpp">
      <Filter>Generated Files\Release</Filter>
    </ClCompile>
    <ClCompile Include="GeneratedFiles\qrc_res.cpp">
      <Filter>Generated Files</Filter>
    </ClCompile>
    <ClCompile Include="GeneratedFiles\Debug\moc_DocTableView.cpp">
      <Filter>Generated Files\Debug</Filter>
    </ClCompile>
    <ClCompile Include="GeneratedFiles\Release\moc_DocTableView.cpp">
      <Filter>Generated Files\Release</Filter>
    </ClCompile>
    <ClCompile Include="Source\DocTableView.cpp">
      <Filter>Source</Filter>
    </ClCompile>
    <ClCompile Include="GeneratedFiles\Debug\moc_FolderListView.cpp">
      <Filter>Generated Files\Debug</Filter>
    </ClCompile>
    <ClCompile Include="GeneratedFiles\Release\moc_FolderListView.cpp">
      <Filter>Generated Files\Release</Filter>
    </ClCompile>
    <ClCompile Include="Source\FolderListView.cpp">
      <Filter>Source</Filter>
    </ClCompile>
    <ClCompile Include="Source\FolderListModel.cpp">
      <Filter>Source</Filter>
    </ClCompile>
  </ItemGroup>
  <ItemGroup>
    <Filter Include="Resources">
      <UniqueIdentifier>{54a5aba9-531c-413e-8678-d0cc35225f2e}</UniqueIdentifier>
    </Filter>
    <Filter Include="Generated Files">
      <UniqueIdentifier>{71ED8ED8-ACB9-4CE9-BBE1-E00B30144E11}</UniqueIdentifier>
      <Extensions>moc;h;cpp</Extensions>
      <ParseFiles>true</ParseFiles>
    </Filter>
    <Filter Include="Generated Files\Debug">
      <UniqueIdentifier>{1c9e6e63-0fe1-410b-b11e-e74bde4a9743}</UniqueIdentifier>
      <Extensions>cpp;moc</Extensions>
      <SourceControlFiles>False</SourceControlFiles>
    </Filter>
    <Filter Include="Generated Files\Release">
      <UniqueIdentifier>{4977d676-9825-4b28-bca3-5d46f59b0a50}</UniqueIdentifier>
      <Extensions>cpp;moc</Extensions>
      <SourceControlFiles>False</SourceControlFiles>
    </Filter>
    <Filter Include="Source">
      <UniqueIdentifier>{994d3bea-6401-4c4a-98fa-154c19025569}</UniqueIdentifier>
    </Filter>
    <Filter Include="Source\rapidjson">
      <UniqueIdentifier>{b021d147-4256-400c-9ddc-86eaba80c059}</UniqueIdentifier>
    </Filter>
    <Filter Include="Source\rapidjson\error">
      <UniqueIdentifier>{252abe9c-a618-4bc3-9026-654d508370b8}</UniqueIdentifier>
    </Filter>
    <Filter Include="Source\rapidjson\internal">
      <UniqueIdentifier>{11c69ab8-2fd0-45a0-82cc-4a58105c1cea}</UniqueIdentifier>
    </Filter>
    <Filter Include="Source\rapidjson\msinttypes">
      <UniqueIdentifier>{1fc315b6-b5a8-4b36-88e4-69625fb195bd}</UniqueIdentifier>
    </Filter>
  </ItemGroup>
  <ItemGroup>
    <CustomBuild Include="Source\MainWindow.h">
      <Filter>Source</Filter>
    </CustomBuild>
    <CustomBuild Include="Source\DataSource.h">
      <Filter>Source</Filter>
    </CustomBuild>
    <CustomBuild Include="Resources\res.qrc">
      <Filter>Resources</Filter>
    </CustomBuild>
    <CustomBuild Include="Source\DocTableView.h">
      <Filter>Source</Filter>
    </CustomBuild>
    <CustomBuild Include="Source\FolderListView.h">
      <Filter>Source</Filter>
    </CustomBuild>
  </ItemGroup>
  <ItemGroup>
    <ClInclude Include="Source\rapidjson\allocators.h">
      <Filter>Source\rapidjson</Filter>
    </ClInclude>
    <ClInclude Include="Source\rapidjson\document.h">
      <Filter>Source\rapidjson</Filter>
    </ClInclude>
    <ClInclude Include="Source\rapidjson\encodedstream.h">
      <Filter>Source\rapidjson</Filter>
    </ClInclude>
    <ClInclude Include="Source\rapidjson\encodings.h">
      <Filter>Source\rapidjson</Filter>
    </ClInclude>
    <ClInclude Include="Source\rapidjson\filereadstream.h">
      <Filter>Source\rapidjson</Filter>
    </ClInclude>
    <ClInclude Include="Source\rapidjson\filewritestream.h">
      <Filter>Source\rapidjson</Filter>
    </ClInclude>
    <ClInclude Include="Source\rapidjson\memorybuffer.h">
      <Filter>Source\rapidjson</Filter>
    </ClInclude>
    <ClInclude Include="Source\rapidjson\memorystream.h">
      <Filter>Source\rapidjson</Filter>
    </ClInclude>
    <ClInclude Include="Source\rapidjson\pointer.h">
      <Filter>Source\rapidjson</Filter>
    </ClInclude>
    <ClInclude Include="Source\rapidjson\prettywriter.h">
      <Filter>Source\rapidjson</Filter>
    </ClInclude>
    <ClInclude Include="Source\rapidjson\rapidjson.h">
      <Filter>Source\rapidjson</Filter>
    </ClInclude>
    <ClInclude Include="Source\rapidjson\reader.h">
      <Filter>Source\rapidjson</Filter>
    </ClInclude>
    <ClInclude Include="Source\rapidjson\stringbuffer.h">
      <Filter>Source\rapidjson</Filter>
    </ClInclude>
    <ClInclude Include="Source\rapidjson\writer.h">
      <Filter>Source\rapidjson</Filter>
    </ClInclude>
    <ClInclude Include="Source\rapidjson\error\en.h">
      <Filter>Source\rapidjson\error</Filter>
    </ClInclude>
    <ClInclude Include="Source\rapidjson\error\error.h">
      <Filter>Source\rapidjson\error</Filter>
    </ClInclude>
    <ClInclude Include="Source\rapidjson\internal\biginteger.h">
      <Filter>Source\rapidjson\internal</Filter>
    </ClInclude>
    <ClInclude Include="Source\rapidjson\internal\diyfp.h">
      <Filter>Source\rapidjson\internal</Filter>
    </ClInclude>
    <ClInclude Include="Source\rapidjson\internal\dtoa.h">
      <Filter>Source\rapidjson\internal</Filter>
    </ClInclude>
    <ClInclude Include="Source\rapidjson\internal\ieee754.h">
      <Filter>Source\rapidjson\internal</Filter>
    </ClInclude>
    <ClInclude Include="Source\rapidjson\internal\itoa.h">
      <Filter>Source\rapidjson\internal</Filter>
    </ClInclude>
    <ClInclude Include="Source\rapidjson\internal\meta.h">
      <Filter>Source\rapidjson\internal</Filter>
    </ClInclude>
    <ClInclude Include="Source\rapidjson\internal\pow10.h">
      <Filter>Source\rapidjson\internal</Filter>
    </ClInclude>
    <ClInclude Include="Source\rapidjson\internal\stack.h">
      <Filter>Source\rapidjson\internal</Filter>
    </ClInclude>
    <ClInclude Include="Source\rapidjson\internal\strfunc.h">
      <Filter>Source\rapidjson\internal</Filter>
    </ClInclude>
    <ClInclude Include="Source\rapidjson\internal\strtod.h">
      <Filter>Source\rapidjson\internal</Filter>
    </ClInclude>
    <ClInclude Include="Source\rapidjson\internal\swap.h">
      <Filter>Source\rapidjson\internal</Filter>
    </ClInclude>
    <ClInclude Include="Source\rapidjson\msinttypes\inttypes.h">
      <Filter>Source\rapidjson\msinttypes</Filter>
    </ClInclude>
    <ClInclude Include="Source\rapidjson\msinttypes\stdint.h">
      <Filter>Source\rapidjson\msinttypes</Filter>
    </ClInclude>
    <ClInclude Include="Source\FolderListModel.h">
      <Filter>Source</Filter>
    </ClInclude>
  </ItemGroup>
</Project>